
Microsoft Visual Studio Solution File, Format Version 12.00
# Visual Studio Version 16
VisualStudioVersion = 16.0.30907.101
MinimumVisualStudioVersion = 10.0.40219.1
Project("{FAE04EC0-301F-11D3-BF4B-00C04F79EFBC}") = "BenefitsPackageCalculator", "BenefitsPackageCalculator\BenefitsPackageCalculator.csproj", "{C8923441-CA03-4C5B-85ED-5104C8BB8576}"
EndProject
Project("{FAE04EC0-301F-11D3-BF4B-00C04F79EFBC}") = "BenefitsPackageCalculatorTests", "BenefitsPackageCalculatorTests\BenefitsPackageCalculatorTests.csproj", "{EB9DE4C4-621E-48BC-914E-C640C65E1336}"
EndProject
Global
	GlobalSection(SolutionConfigurationPlatforms) = preSolution
		Debug|Any CPU = Debug|Any CPU
		Release|Any CPU = Release|Any CPU
	EndGlobalSection
	GlobalSection(ProjectConfigurationPlatforms) = postSolution
		{C8923441-CA03-4C5B-85ED-5104C8BB8576}.Debug|Any CPU.ActiveCfg = Debug|Any CPU
		{C8923441-CA03-4C5B-85ED-5104C8BB8576}.Debug|Any CPU.Build.0 = Debug|Any CPU
		{C8923441-CA03-4C5B-85ED-5104C8BB8576}.Release|Any CPU.ActiveCfg = Release|Any CPU
		{C8923441-CA03-4C5B-85ED-5104C8BB8576}.Release|Any CPU.Build.0 = Release|Any CPU
		{EB9DE4C4-621E-48BC-914E-C640C65E1336}.Debug|Any CPU.ActiveCfg = Debug|Any CPU
		{EB9DE4C4-621E-48BC-914E-C640C65E1336}.Debug|Any CPU.Build.0 = Debug|Any CPU
		{EB9DE4C4-621E-48BC-914E-C640C65E1336}.Release|Any CPU.ActiveCfg = Release|Any CPU
		{EB9DE4C4-621E-48BC-914E-C640C65E1336}.Release|Any CPU.Build.0 = Release|Any CPU
	EndGlobalSection
	GlobalSection(SolutionProperties) = preSolution
		HideSolutionNode = FALSE
	EndGlobalSection
	GlobalSection(ExtensibilityGlobals) = postSolution
		SolutionGuid = {53C8F1F0-C807-4814-99B0-7F3B016D3EBF}
	EndGlobalSection
EndGlobal
